
Microsoft Visual Studio Solution File, Format Version 12.00
# Visual Studio Version 17
VisualStudioVersion = 17.11.35219.272
MinimumVisualStudioVersion = 10.0.40219.1
Project("{9A19103F-16F7-4668-BE54-9A1E7A4F7556}") = "HomeBudgetAPI", "HomeBudgetAPI\HomeBudgetAPI.csproj", "{DF13B475-9B5B-484C-8B81-E59BCA4E20CE}"
EndProject
Project("{9A19103F-16F7-4668-BE54-9A1E7A4F7556}") = "BudgetAppUnitTests", "BudgetAppUnitTests\BudgetAppUnitTests.csproj", "{9F80333C-AC38-4867-A5E7-9170762D9961}"
EndProject
Project("{9A19103F-16F7-4668-BE54-9A1E7A4F7556}") = "HomeBudgetApp", "HomeBudgetApp\HomeBudgetApp.csproj", "{ECEE4BED-8E1B-4C76-B2D5-98937F8C456A}"
EndProject
Project("{9A19103F-16F7-4668-BE54-9A1E7A4F7556}") = "HomeBudgetApp_PresenterUnitTest", "HomeBudgetApp_PresenterUnitTest\HomeBudgetApp_PresenterUnitTest.csproj", "{B3E3D0BF-6543-4623-8E24-615219DED2A8}"
EndProject
Project("{C7167F0D-BC9F-4E6E-AFE1-012C56B48DB5}") = "BudgetAppWAP", "BudgetAppWAP\BudgetAppWAP.wapproj", "{67A630C2-4FE8-40CA-8FBA-C6E566AD8F99}"
EndProject
Global
	GlobalSection(SolutionConfigurationPlatforms) = preSolution
		Debug|Any CPU = Debug|Any CPU
		Debug|ARM = Debug|ARM
		Debug|ARM64 = Debug|ARM64
		Debug|x64 = Debug|x64
		Debug|x86 = Debug|x86
		Release|Any CPU = Release|Any CPU
		Release|ARM = Release|ARM
		Release|ARM64 = Release|ARM64
		Release|x64 = Release|x64
		Release|x86 = Release|x86
	EndGlobalSection
	GlobalSection(ProjectConfigurationPlatforms) = postSolution
		{DF13B475-9B5B-484C-8B81-E59BCA4E20CE}.Debug|Any CPU.ActiveCfg = Debug|Any CPU
		{DF13B475-9B5B-484C-8B81-E59BCA4E20CE}.Debug|Any CPU.Build.0 = Debug|Any CPU
		{DF13B475-9B5B-484C-8B81-E59BCA4E20CE}.Debug|ARM.ActiveCfg = Debug|Any CPU
		{DF13B475-9B5B-484C-8B81-E59BCA4E20CE}.Debug|ARM.Build.0 = Debug|Any CPU
		{DF13B475-9B5B-484C-8B81-E59BCA4E20CE}.Debug|ARM64.ActiveCfg = Debug|Any CPU
		{DF13B475-9B5B-484C-8B81-E59BCA4E20CE}.Debug|ARM64.Build.0 = Debug|Any CPU
		{DF13B475-9B5B-484C-8B81-E59BCA4E20CE}.Debug|x64.ActiveCfg = Debug|Any CPU
		{DF13B475-9B5B-484C-8B81-E59BCA4E20CE}.Debug|x64.Build.0 = Debug|Any CPU
		{DF13B475-9B5B-484C-8B81-E59BCA4E20CE}.Debug|x86.ActiveCfg = Debug|Any CPU
		{DF13B475-9B5B-484C-8B81-E59BCA4E20CE}.Debug|x86.Build.0 = Debug|Any CPU
		{DF13B475-9B5B-484C-8B81-E59BCA4E20CE}.Release|Any CPU.ActiveCfg = Release|Any CPU
		{DF13B475-9B5B-484C-8B81-E59BCA4E20CE}.Release|Any CPU.Build.0 = Release|Any CPU
		{DF13B475-9B5B-484C-8B81-E59BCA4E20CE}.Release|ARM.ActiveCfg = Release|Any CPU
		{DF13B475-9B5B-484C-8B81-E59BCA4E20CE}.Release|ARM.Build.0 = Release|Any CPU
		{DF13B475-9B5B-484C-8B81-E59BCA4E20CE}.Release|ARM64.ActiveCfg = Release|Any CPU
		{DF13B475-9B5B-484C-8B81-E59BCA4E20CE}.Release|ARM64.Build.0 = Release|Any CPU
		{DF13B475-9B5B-484C-8B81-E59BCA4E20CE}.Release|x64.ActiveCfg = Release|x64
		{DF13B475-9B5B-484C-8B81-E59BCA4E20CE}.Release|x64.Build.0 = Release|x64
		{DF13B475-9B5B-484C-8B81-E59BCA4E20CE}.Release|x86.ActiveCfg = Release|x86
		{DF13B475-9B5B-484C-8B81-E59BCA4E20CE}.Release|x86.Build.0 = Release|x86
		{9F80333C-AC38-4867-A5E7-9170762D9961}.Debug|Any CPU.ActiveCfg = Debug|Any CPU
		{9F80333C-AC38-4867-A5E7-9170762D9961}.Debug|Any CPU.Build.0 = Debug|Any CPU
		{9F80333C-AC38-4867-A5E7-9170762D9961}.Debug|ARM.ActiveCfg = Debug|Any CPU
		{9F80333C-AC38-4867-A5E7-9170762D9961}.Debug|ARM.Build.0 = Debug|Any CPU
		{9F80333C-AC38-4867-A5E7-9170762D9961}.Debug|ARM64.ActiveCfg = Debug|Any CPU
		{9F80333C-AC38-4867-A5E7-9170762D9961}.Debug|ARM64.Build.0 = Debug|Any CPU
		{9F80333C-AC38-4867-A5E7-9170762D9961}.Debug|x64.ActiveCfg = Debug|Any CPU
		{9F80333C-AC38-4867-A5E7-9170762D9961}.Debug|x64.Build.0 = Debug|Any CPU
		{9F80333C-AC38-4867-A5E7-9170762D9961}.Debug|x86.ActiveCfg = Debug|Any CPU
		{9F80333C-AC38-4867-A5E7-9170762D9961}.Debug|x86.Build.0 = Debug|Any CPU
		{9F80333C-AC38-4867-A5E7-9170762D9961}.Release|Any CPU.ActiveCfg = Release|Any CPU
		{9F80333C-AC38-4867-A5E7-9170762D9961}.Release|Any CPU.Build.0 = Release|Any CPU
		{9F80333C-AC38-4867-A5E7-9170762D9961}.Release|ARM.ActiveCfg = Release|Any CPU
		{9F80333C-AC38-4867-A5E7-9170762D9961}.Release|ARM.Build.0 = Release|Any CPU
		{9F80333C-AC38-4867-A5E7-9170762D9961}.Release|ARM64.ActiveCfg = Release|Any CPU
		{9F80333C-AC38-4867-A5E7-9170762D9961}.Release|ARM64.Build.0 = Release|Any CPU
		{9F80333C-AC38-4867-A5E7-9170762D9961}.Release|x64.ActiveCfg = Release|x64
		{9F80333C-AC38-4867-A5E7-9170762D9961}.Release|x64.Build.0 = Release|x64
		{9F80333C-AC38-4867-A5E7-9170762D9961}.Release|x86.ActiveCfg = Release|x86
		{9F80333C-AC38-4867-A5E7-9170762D9961}.Release|x86.Build.0 = Release|x86
		{ECEE4BED-8E1B-4C76-B2D5-98937F8C456A}.Debug|Any CPU.ActiveCfg = Debug|Any CPU
		{ECEE4BED-8E1B-4C76-B2D5-98937F8C456A}.Debug|Any CPU.Build.0 = Debug|Any CPU
		{ECEE4BED-8E1B-4C76-B2D5-98937F8C456A}.Debug|ARM.ActiveCfg = Debug|Any CPU
		{ECEE4BED-8E1B-4C76-B2D5-98937F8C456A}.Debug|ARM.Build.0 = Debug|Any CPU
		{ECEE4BED-8E1B-4C76-B2D5-98937F8C456A}.Debug|ARM64.ActiveCfg = Debug|Any CPU
		{ECEE4BED-8E1B-4C76-B2D5-98937F8C456A}.Debug|ARM64.Build.0 = Debug|Any CPU
		{ECEE4BED-8E1B-4C76-B2D5-98937F8C456A}.Debug|x64.ActiveCfg = Debug|Any CPU
		{ECEE4BED-8E1B-4C76-B2D5-98937F8C456A}.Debug|x64.Build.0 = Debug|Any CPU
		{ECEE4BED-8E1B-4C76-B2D5-98937F8C456A}.Debug|x86.ActiveCfg = Debug|Any CPU
		{ECEE4BED-8E1B-4C76-B2D5-98937F8C456A}.Debug|x86.Build.0 = Debug|Any CPU
		{ECEE4BED-8E1B-4C76-B2D5-98937F8C456A}.Release|Any CPU.ActiveCfg = Release|Any CPU
		{ECEE4BED-8E1B-4C76-B2D5-98937F8C456A}.Release|Any CPU.Build.0 = Release|Any CPU
		{ECEE4BED-8E1B-4C76-B2D5-98937F8C456A}.Release|ARM.ActiveCfg = Release|Any CPU
		{ECEE4BED-8E1B-4C76-B2D5-98937F8C456A}.Release|ARM.Build.0 = Release|Any CPU
		{ECEE4BED-8E1B-4C76-B2D5-98937F8C456A}.Release|ARM64.ActiveCfg = Release|Any CPU
		{ECEE4BED-8E1B-4C76-B2D5-98937F8C456A}.Release|ARM64.Build.0 = Release|Any CPU
		{ECEE4BED-8E1B-4C76-B2D5-98937F8C456A}.Release|x64.ActiveCfg = Release|x64
		{ECEE4BED-8E1B-4C76-B2D5-98937F8C456A}.Release|x64.Build.0 = Release|x64
		{ECEE4BED-8E1B-4C76-B2D5-98937F8C456A}.Release|x86.ActiveCfg = Release|x86
		{ECEE4BED-8E1B-4C76-B2D5-98937F8C456A}.Release|x86.Build.0 = Release|x86
		{B3E3D0BF-6543-4623-8E24-615219DED2A8}.Debug|Any CPU.ActiveCfg = Debug|Any CPU
		{B3E3D0BF-6543-4623-8E24-615219DED2A8}.Debug|Any CPU.Build.0 = Debug|Any CPU
		{B3E3D0BF-6543-4623-8E24-615219DED2A8}.Debug|ARM.ActiveCfg = Debug|Any CPU
		{B3E3D0BF-6543-4623-8E24-615219DED2A8}.Debug|ARM.Build.0 = Debug|Any CPU
		{B3E3D0BF-6543-4623-8E24-615219DED2A8}.Debug|ARM64.ActiveCfg = Debug|Any CPU
		{B3E3D0BF-6543-4623-8E24-615219DED2A8}.Debug|ARM64.Build.0 = Debug|Any CPU
		{B3E3D0BF-6543-4623-8E24-615219DED2A8}.Debug|x64.ActiveCfg = Debug|Any CPU
		{B3E3D0BF-6543-4623-8E24-615219DED2A8}.Debug|x64.Build.0 = Debug|Any CPU
		{B3E3D0BF-6543-4623-8E24-615219DED2A8}.Debug|x86.ActiveCfg = Debug|Any CPU
		{B3E3D0BF-6543-4623-8E24-615219DED2A8}.Debug|x86.Build.0 = Debug|Any CPU
		{B3E3D0BF-6543-4623-8E24-615219DED2A8}.Release|Any CPU.ActiveCfg = Release|Any CPU
		{B3E3D0BF-6543-4623-8E24-615219DED2A8}.Release|Any CPU.Build.0 = Release|Any CPU
		{B3E3D0BF-6543-4623-8E24-615219DED2A8}.Release|ARM.ActiveCfg = Release|Any CPU
		{B3E3D0BF-6543-4623-8E24-615219DED2A8}.Release|ARM.Build.0 = Release|Any CPU
		{B3E3D0BF-6543-4623-8E24-615219DED2A8}.Release|ARM64.ActiveCfg = Release|Any CPU
		{B3E3D0BF-6543-4623-8E24-615219DED2A8}.Release|ARM64.Build.0 = Release|Any CPU
		{B3E3D0BF-6543-4623-8E24-615219DED2A8}.Release|x64.ActiveCfg = Release|x64
		{B3E3D0BF-6543-4623-8E24-615219DED2A8}.Release|x64.Build.0 = Release|x64
		{B3E3D0BF-6543-4623-8E24-615219DED2A8}.Release|x86.ActiveCfg = Release|x86
		{B3E3D0BF-6543-4623-8E24-615219DED2A8}.Release|x86.Build.0 = Release|x86
		{67A630C2-4FE8-40CA-8FBA-C6E566AD8F99}.Debug|Any CPU.ActiveCfg = Debug|Any CPU
		{67A630C2-4FE8-40CA-8FBA-C6E566AD8F99}.Debug|Any CPU.Build.0 = Debug|Any CPU
		{67A630C2-4FE8-40CA-8FBA-C6E566AD8F99}.Debug|Any CPU.Deploy.0 = Debug|Any CPU
		{67A630C2-4FE8-40CA-8FBA-C6E566AD8F99}.Debug|ARM.ActiveCfg = Debug|ARM
		{67A630C2-4FE8-40CA-8FBA-C6E566AD8F99}.Debug|ARM.Build.0 = Debug|ARM
		{67A630C2-4FE8-40CA-8FBA-C6E566AD8F99}.Debug|ARM.Deploy.0 = Debug|ARM
		{67A630C2-4FE8-40CA-8FBA-C6E566AD8F99}.Debug|ARM64.ActiveCfg = Debug|ARM64
		{67A630C2-4FE8-40CA-8FBA-C6E566AD8F99}.Debug|ARM64.Build.0 = Debug|ARM64
		{67A630C2-4FE8-40CA-8FBA-C6E566AD8F99}.Debug|ARM64.Deploy.0 = Debug|ARM64
		{67A630C2-4FE8-40CA-8FBA-C6E566AD8F99}.Debug|x64.ActiveCfg = Debug|x64
		{67A630C2-4FE8-40CA-8FBA-C6E566AD8F99}.Debug|x64.Build.0 = Debug|x64
		{67A630C2-4FE8-40CA-8FBA-C6E566AD8F99}.Debug|x64.Deploy.0 = Debug|x64
		{67A630C2-4FE8-40CA-8FBA-C6E566AD8F99}.Debug|x86.ActiveCfg = Debug|x86
		{67A630C2-4FE8-40CA-8FBA-C6E566AD8F99}.Debug|x86.Build.0 = Debug|x86
		{67A630C2-4FE8-40CA-8FBA-C6E566AD8F99}.Debug|x86.Deploy.0 = Debug|x86
		{67A630C2-4FE8-40CA-8FBA-C6E566AD8F99}.Release|Any CPU.ActiveCfg = Release|Any CPU
		{67A630C2-4FE8-40CA-8FBA-C6E566AD8F99}.Release|Any CPU.Build.0 = Release|Any CPU
		{67A630C2-4FE8-40CA-8FBA-C6E566AD8F99}.Release|Any CPU.Deploy.0 = Release|Any CPU
		{67A630C2-4FE8-40CA-8FBA-C6E566AD8F99}.Release|ARM.ActiveCfg = Release|ARM
		{67A630C2-4FE8-40CA-8FBA-C6E566AD8F99}.Release|ARM.Build.0 = Release|ARM
		{67A630C2-4FE8-40CA-8FBA-C6E566AD8F99}.Release|ARM.Deploy.0 = Release|ARM
		{67A630C2-4FE8-40CA-8FBA-C6E566AD8F99}.Release|ARM64.ActiveCfg = Release|ARM64
		{67A630C2-4FE8-40CA-8FBA-C6E566AD8F99}.Release|ARM64.Build.0 = Release|ARM64
		{67A630C2-4FE8-40CA-8FBA-C6E566AD8F99}.Release|ARM64.Deploy.0 = Release|ARM64
		{67A630C2-4FE8-40CA-8FBA-C6E566AD8F99}.Release|x64.ActiveCfg = Release|x64
		{67A630C2-4FE8-40CA-8FBA-C6E566AD8F99}.Release|x64.Build.0 = Release|x64
		{67A630C2-4FE8-40CA-8FBA-C6E566AD8F99}.Release|x64.Deploy.0 = Release|x64
		{67A630C2-4FE8-40CA-8FBA-C6E566AD8F99}.Release|x86.ActiveCfg = Release|x86
		{67A630C2-4FE8-40CA-8FBA-C6E566AD8F99}.Release|x86.Build.0 = Release|x86
		{67A630C2-4FE8-40CA-8FBA-C6E566AD8F99}.Release|x86.Deploy.0 = Release|x86
	EndGlobalSection
	GlobalSection(SolutionProperties) = preSolution
		HideSolutionNode = FALSE
	EndGlobalSection
	GlobalSection(ExtensibilityGlobals) = postSolution
		SolutionGuid = {35DED55D-0338-4C39-96F4-2ED858CC0B9A}
	EndGlobalSection
EndGlobal
